
Microsoft Visual Studio Solution File, Format Version 12.00
# Visual Studio Version 16
VisualStudioVersion = 16.0.29411.108
MinimumVisualStudioVersion = 10.0.40219.1
Project("{FAE04EC0-301F-11D3-BF4B-00C04F79EFBC}") = "TP2", "TP2\TP2\TP2.csproj", "{EBD74A5C-BAA2-49C6-BBF8-658844D89320}"
EndProject
Project("{FAE04EC0-301F-11D3-BF4B-00C04F79EFBC}") = "TP2.Android", "TP2\TP2.Android\TP2.Android.csproj", "{86BF8F39-85B1-437A-938A-F0D770E09E4D}"
EndProject
Global
	GlobalSection(SolutionConfigurationPlatforms) = preSolution
		Debug|Any CPU = Debug|Any CPU
		Release|Any CPU = Release|Any CPU
	EndGlobalSection
	GlobalSection(ProjectConfigurationPlatforms) = postSolution
		{EBD74A5C-BAA2-49C6-BBF8-658844D89320}.Debug|Any CPU.ActiveCfg = Debug|Any CPU
		{EBD74A5C-BAA2-49C6-BBF8-658844D89320}.Debug|Any CPU.Build.0 = Debug|Any CPU
		{EBD74A5C-BAA2-49C6-BBF8-658844D89320}.Release|Any CPU.ActiveCfg = Release|Any CPU
		{EBD74A5C-BAA2-49C6-BBF8-658844D89320}.Release|Any CPU.Build.0 = Release|Any CPU
		{86BF8F39-85B1-437A-938A-F0D770E09E4D}.Debug|Any CPU.ActiveCfg = Debug|Any CPU
		{86BF8F39-85B1-437A-938A-F0D770E09E4D}.Debug|Any CPU.Build.0 = Debug|Any CPU
		{86BF8F39-85B1-437A-938A-F0D770E09E4D}.Debug|Any CPU.Deploy.0 = Debug|Any CPU
		{86BF8F39-85B1-437A-938A-F0D770E09E4D}.Release|Any CPU.ActiveCfg = Release|Any CPU
		{86BF8F39-85B1-437A-938A-F0D770E09E4D}.Release|Any CPU.Build.0 = Release|Any CPU
		{86BF8F39-85B1-437A-938A-F0D770E09E4D}.Release|Any CPU.Deploy.0 = Release|Any CPU
	EndGlobalSection
	GlobalSection(SolutionProperties) = preSolution
		HideSolutionNode = FALSE
	EndGlobalSection
	GlobalSection(ExtensibilityGlobals) = postSolution
		SolutionGuid = {50FCA3D3-054C-48AF-9F2F-A815CECF115B}
	EndGlobalSection
EndGlobal
